
Microsoft Visual Studio Solution File, Format Version 12.00
# Visual Studio 15
VisualStudioVersion = 15.0.28010.2046
MinimumVisualStudioVersion = 10.0.40219.1
Project("{FAE04EC0-301F-11D3-BF4B-00C04F79EFBC}") = "JAMCarRental.Domain", "JAMCarRental.Domain\JAMCarRental.Domain.csproj", "{C91B2FC5-C217-4785-875D-E5DC44EAEECE}"
EndProject
Project("{FAE04EC0-301F-11D3-BF4B-00C04F79EFBC}") = "JAMCarRental.Data", "JAMCarRental.Data\JAMCarRental.Data.csproj", "{3D900285-9D07-43BD-BC50-3BED725844BC}"
EndProject
Project("{FAE04EC0-301F-11D3-BF4B-00C04F79EFBC}") = "JAMCarRental.BuissnessLogic", "JAMCarRental.BuissnessLogic\JAMCarRental.BuissnessLogic.csproj", "{46E7DD6F-5F86-42FA-9C4B-5789CF613406}"
EndProject
Global
	GlobalSection(SolutionConfigurationPlatforms) = preSolution
		Debug|Any CPU = Debug|Any CPU
		Release|Any CPU = Release|Any CPU
	EndGlobalSection
	GlobalSection(ProjectConfigurationPlatforms) = postSolution
		{C91B2FC5-C217-4785-875D-E5DC44EAEECE}.Debug|Any CPU.ActiveCfg = Debug|Any CPU
		{C91B2FC5-C217-4785-875D-E5DC44EAEECE}.Debug|Any CPU.Build.0 = Debug|Any CPU
		{C91B2FC5-C217-4785-875D-E5DC44EAEECE}.Release|Any CPU.ActiveCfg = Release|Any CPU
		{C91B2FC5-C217-4785-875D-E5DC44EAEECE}.Release|Any CPU.Build.0 = Release|Any CPU
		{3D900285-9D07-43BD-BC50-3BED725844BC}.Debug|Any CPU.ActiveCfg = Debug|Any CPU
		{3D900285-9D07-43BD-BC50-3BED725844BC}.Debug|Any CPU.Build.0 = Debug|Any CPU
		{3D900285-9D07-43BD-BC50-3BED725844BC}.Release|Any CPU.ActiveCfg = Release|Any CPU
		{3D900285-9D07-43BD-BC50-3BED725844BC}.Release|Any CPU.Build.0 = Release|Any CPU
		{46E7DD6F-5F86-42FA-9C4B-5789CF613406}.Debug|Any CPU.ActiveCfg = Debug|Any CPU
		{46E7DD6F-5F86-42FA-9C4B-5789CF613406}.Debug|Any CPU.Build.0 = Debug|Any CPU
		{46E7DD6F-5F86-42FA-9C4B-5789CF613406}.Release|Any CPU.ActiveCfg = Release|Any CPU
		{46E7DD6F-5F86-42FA-9C4B-5789CF613406}.Release|Any CPU.Build.0 = Release|Any CPU
	EndGlobalSection
	GlobalSection(SolutionProperties) = preSolution
		HideSolutionNode = FALSE
	EndGlobalSection
	GlobalSection(ExtensibilityGlobals) = postSolution
		SolutionGuid = {7A07F2B1-FE6F-435D-A2C9-905727A718EB}
	EndGlobalSection
EndGlobal
